Microsoft Visual Studio Solution File, Format Version 12.00
# Visual Studio Version 17
VisualStudioVersion = 17.5.2.0
MinimumVisualStudioVersion = 10.0.40219.1
Project("{FAE04EC0-301F-11D3-BF4B-00C04F79EFBC}") = "GithubGraphql", "GithubGraphql.csproj", "{2B48A24A-2CCC-B802-8280-9E408B69DCFF}"
EndProject
Global
	GlobalSection(SolutionConfigurationPlatforms) = preSolution
		Debug|Any CPU = Debug|Any CPU
		Release|Any CPU = Release|Any CPU
	EndGlobalSection
	GlobalSection(ProjectConfigurationPlatforms) = postSolution
		{2B48A24A-2CCC-B802-8280-9E408B69DCFF}.Debug|Any CPU.ActiveCfg = Debug|Any CPU
		{2B48A24A-2CCC-B802-8280-9E408B69DCFF}.Debug|Any CPU.Build.0 = Debug|Any CPU
		{2B48A24A-2CCC-B802-8280-9E408B69DCFF}.Release|Any CPU.ActiveCfg = Release|Any CPU
		{2B48A24A-2CCC-B802-8280-9E408B69DCFF}.Release|Any CPU.Build.0 = Release|Any CPU
	EndGlobalSection
	GlobalSection(SolutionProperties) = preSolution
		HideSolutionNode = FALSE
	EndGlobalSection
	GlobalSection(ExtensibilityGlobals) = postSolution
		SolutionGuid = {7642FEC6-3E33-422D-8801-BB19302AA621}
	EndGlobalSection
EndGlobal
